// !$*UTF8*$!
{
	archiveVersion = 1;
	classes = {
	};
	objectVersion = 51;
	objects = {

/* Begin PBXBuildFile section */
		84083FD9230A703100C8F059 /* AuthorizationModel.swift in Sources */ = {isa = PBXBuildFile; fileRef = 84083FD8230A703100C8F059 /* AuthorizationModel.swift */; };
		842C4B0623067BD7008BF0EA /* RequestHandler.swift in Sources */ = {isa = PBXBuildFile; fileRef = 842C4B0523067BD7008BF0EA /* RequestHandler.swift */; };
		84365A2622FC29AF0098D666 /* AppDelegate.swift in Sources */ = {isa = PBXBuildFile; fileRef = 84365A2522FC29AF0098D666 /* AppDelegate.swift */; };
		84365A2822FC29AF0098D666 /* RootController.swift in Sources */ = {isa = PBXBuildFile; fileRef = 84365A2722FC29AF0098D666 /* RootController.swift */; };
		84365A2B22FC29AF0098D666 /* Main.storyboard in Resources */ = {isa = PBXBuildFile; fileRef = 84365A2922FC29AF0098D666 /* Main.storyboard */; };
		84365A2D22FC29B00098D666 /* Assets.xcassets in Resources */ = {isa = PBXBuildFile; fileRef = 84365A2C22FC29B00098D666 /* Assets.xcassets */; };
		84365A3022FC29B00098D666 /* LaunchScreen.storyboard in Resources */ = {isa = PBXBuildFile; fileRef = 84365A2E22FC29B00098D666 /* LaunchScreen.storyboard */; };
		84365A3922FC309C0098D666 /* ExploreViewController.swift in Sources */ = {isa = PBXBuildFile; fileRef = 84365A3822FC309C0098D666 /* ExploreViewController.swift */; };
		84590841230A932A00E9224A /* MovieDetailViewController.swift in Sources */ = {isa = PBXBuildFile; fileRef = 84590840230A932A00E9224A /* MovieDetailViewController.swift */; };
		848A2CA622FD75F700CBA048 /* ToolCollectionViewCell.swift in Sources */ = {isa = PBXBuildFile; fileRef = 848A2CA522FD75F700CBA048 /* ToolCollectionViewCell.swift */; };
		848A2CA822FD761F00CBA048 /* SearchCollectionReusableView.swift in Sources */ = {isa = PBXBuildFile; fileRef = 848A2CA722FD761F00CBA048 /* SearchCollectionReusableView.swift */; };
		8495C0AD230154F00030BC7A /* SearchResult.swift in Sources */ = {isa = PBXBuildFile; fileRef = 8495C0AC230154F00030BC7A /* SearchResult.swift */; };
		84F63D4823028F5000BC3FC9 /* SettingsViewController.swift in Sources */ = {isa = PBXBuildFile; fileRef = 84F63D4723028F5000BC3FC9 /* SettingsViewController.swift */; };
		84F63D4A2302A7B000BC3FC9 /* StartViewController.swift in Sources */ = {isa = PBXBuildFile; fileRef = 84F63D492302A7B000BC3FC9 /* StartViewController.swift */; };
		84F63D4C2302A92C00BC3FC9 /* LoginViewController.swift in Sources */ = {isa = PBXBuildFile; fileRef = 84F63D4B2302A92C00BC3FC9 /* LoginViewController.swift */; };
		84F63D4E2302AA8300BC3FC9 /* SignUpViewController.swift in Sources */ = {isa = PBXBuildFile; fileRef = 84F63D4D2302AA8300BC3FC9 /* SignUpViewController.swift */; };
		84F63D562302B2D700BC3FC9 /* GoogleService-Info.plist in Resources */ = {isa = PBXBuildFile; fileRef = 84F63D552302B2D700BC3FC9 /* GoogleService-Info.plist */; };
		84F63D582302FC4000BC3FC9 /* TabBarViewController.swift in Sources */ = {isa = PBXBuildFile; fileRef = 84F63D572302FC4000BC3FC9 /* TabBarViewController.swift */; };
		84FA585723040C3900A2258C /* TransitionAnimator.swift in Sources */ = {isa = PBXBuildFile; fileRef = 84FA585623040C3800A2258C /* TransitionAnimator.swift */; };
		84FA586B23044AB400A2258C /* ChangePasswordViewController.swift in Sources */ = {isa = PBXBuildFile; fileRef = 84FA586A23044AB400A2258C /* ChangePasswordViewController.swift */; };
		B138E8B830BEED9CD0B61533 /* Pods_Movie_Groovy.framework in Frameworks */ = {isa = PBXBuildFile; fileRef = ABFFCCAC7E69FFD5B5751DA6 /* Pods_Movie_Groovy.framework */; };
/* End PBXBuildFile section */

/* Begin PBXFileReference section */
		06905FCAA17BF976B1668CE6 /* Pods-Movie Groovy.release.xcconfig */ = {isa = PBXFileReference; includeInIndex = 1; lastKnownFileType = text.xcconfig; name = "Pods-Movie Groovy.release.xcconfig"; path = "Target Support Files/Pods-Movie Groovy/Pods-Movie Groovy.release.xcconfig"; sourceTree = "<group>"; };
		1DB1C294E58A40BFEF203EC7 /* Pods-Movie Groovy.debug.xcconfig */ = {isa = PBXFileReference; includeInIndex = 1; lastKnownFileType = text.xcconfig; name = "Pods-Movie Groovy.debug.xcconfig"; path = "Target Support Files/Pods-Movie Groovy/Pods-Movie Groovy.debug.xcconfig"; sourceTree = "<group>"; };
		84083FD8230A703100C8F059 /* AuthorizationModel.swift */ = {isa = PBXFileReference; lastKnownFileType = sourcecode.swift; path = AuthorizationModel.swift; sourceTree = "<group>"; };
		842C4B0523067BD7008BF0EA /* RequestHandler.swift */ = {isa = PBXFileReference; lastKnownFileType = sourcecode.swift; path = RequestHandler.swift; sourceTree = SOURCE_ROOT; };
		84365A2222FC29AF0098D666 /* Movie Groovy.app */ = {isa = PBXFileReference; explicitFileType = wrapper.application; includeInIndex = 0; path = "Movie Groovy.app"; sourceTree = BUILT_PRODUCTS_DIR; };
		84365A2522FC29AF0098D666 /* AppDelegate.swift */ = {isa = PBXFileReference; lastKnownFileType = sourcecode.swift; path = AppDelegate.swift; sourceTree = "<group>"; };
		84365A2722FC29AF0098D666 /* RootController.swift */ = {isa = PBXFileReference; lastKnownFileType = sourcecode.swift; path = RootController.swift; sourceTree = "<group>"; };
		84365A2A22FC29AF0098D666 /* Base */ = {isa = PBXFileReference; lastKnownFileType = file.storyboard; name = Base; path = Base.lproj/Main.storyboard; sourceTree = "<group>"; };
		84365A2C22FC29B00098D666 /* Assets.xcassets */ = {isa = PBXFileReference; lastKnownFileType = folder.assetcatalog; path = Assets.xcassets; sourceTree = "<group>"; };
		84365A2F22FC29B00098D666 /* Base */ = {isa = PBXFileReference; lastKnownFileType = file.storyboard; name = Base; path = Base.lproj/LaunchScreen.storyboard; sourceTree = "<group>"; };
		84365A3122FC29B00098D666 /* Info.plist */ = {isa = PBXFileReference; lastKnownFileType = text.plist.xml; path = Info.plist; sourceTree = "<group>"; };
		84365A3822FC309C0098D666 /* ExploreViewController.swift */ = {isa = PBXFileReference; lastKnownFileType = sourcecode.swift; path = ExploreViewController.swift; sourceTree = "<group>"; };
		84590840230A932A00E9224A /* MovieDetailViewController.swift */ = {isa = PBXFileReference; lastKnownFileType = sourcecode.swift; path = MovieDetailViewController.swift; sourceTree = "<group>"; };
		848A2CA522FD75F700CBA048 /* ToolCollectionViewCell.swift */ = {isa = PBXFileReference; lastKnownFileType = sourcecode.swift; path = ToolCollectionViewCell.swift; sourceTree = "<group>"; };
		848A2CA722FD761F00CBA048 /* SearchCollectionReusableView.swift */ = {isa = PBXFileReference; lastKnownFileType = sourcecode.swift; path = SearchCollectionReusableView.swift; sourceTree = "<group>"; };
		8495C0AC230154F00030BC7A /* SearchResult.swift */ = {isa = PBXFileReference; lastKnownFileType = sourcecode.swift; name = SearchResult.swift; path = ../SearchResult.swift; sourceTree = "<group>"; };
		84F63D4723028F5000BC3FC9 /* SettingsViewController.swift */ = {isa = PBXFileReference; lastKnownFileType = sourcecode.swift; path = SettingsViewController.swift; sourceTree = "<group>"; };
		84F63D492302A7B000BC3FC9 /* StartViewController.swift */ = {isa = PBXFileReference; lastKnownFileType = sourcecode.swift; path = StartViewController.swift; sourceTree = "<group>"; };
		84F63D4B2302A92C00BC3FC9 /* LoginViewController.swift */ = {isa = PBXFileReference; lastKnownFileType = sourcecode.swift; path = LoginViewController.swift; sourceTree = "<group>"; };
		84F63D4D2302AA8300BC3FC9 /* SignUpViewController.swift */ = {isa = PBXFileReference; lastKnownFileType = sourcecode.swift; path = SignUpViewController.swift; sourceTree = "<group>"; };
		84F63D552302B2D700BC3FC9 /* GoogleService-Info.plist */ = {isa = PBXFileReference; fileEncoding = 4; lastKnownFileType = text.plist.xml; path = "GoogleService-Info.plist"; sourceTree = "<group>"; };
		84F63D572302FC4000BC3FC9 /* TabBarViewController.swift */ = {isa = PBXFileReference; lastKnownFileType = sourcecode.swift; path = TabBarViewController.swift; sourceTree = "<group>"; };
		84FA585623040C3800A2258C /* TransitionAnimator.swift */ = {isa = PBXFileReference; lastKnownFileType = sourcecode.swift; path = TransitionAnimator.swift; sourceTree = "<group>"; };
		84FA585823040E8800A2258C /* ru */ = {isa = PBXFileReference; lastKnownFileType = text.plist.strings; name = ru; path = ru.lproj/Main.strings; sourceTree = "<group>"; };
		84FA585923040E8800A2258C /* ru */ = {isa = PBXFileReference; lastKnownFileType = text.plist.strings; name = ru; path = ru.lproj/LaunchScreen.strings; sourceTree = "<group>"; };
		84FA586A23044AB400A2258C /* ChangePasswordViewController.swift */ = {isa = PBXFileReference; lastKnownFileType = sourcecode.swift; path = ChangePasswordViewController.swift; sourceTree = "<group>"; };
		ABFFCCAC7E69FFD5B5751DA6 /* Pods_Movie_Groovy.framework */ = {isa = PBXFileReference; explicitFileType = wrapper.framework; includeInIndex = 0; path = Pods_Movie_Groovy.framework; sourceTree = BUILT_PRODUCTS_DIR; };
/* End PBXFileReference section */

/* Begin PBXFrameworksBuildPhase section */
		84365A1F22FC29AF0098D666 /* Frameworks */ = {
			isa = PBXFrameworksBuildPhase;
			buildActionMask = 2147483647;
			files = (
				B138E8B830BEED9CD0B61533 /* Pods_Movie_Groovy.framework in Frameworks */,
			);
			runOnlyForDeploymentPostprocessing = 0;
		};
/* End PBXFrameworksBuildPhase section */

/* Begin PBXGroup section */
		2496DABF2E05A90C01C1237C /* Pods */ = {
			isa = PBXGroup;
			children = (
				1DB1C294E58A40BFEF203EC7 /* Pods-Movie Groovy.debug.xcconfig */,
				06905FCAA17BF976B1668CE6 /* Pods-Movie Groovy.release.xcconfig */,
			);
			path = Pods;
			sourceTree = "<group>";
		};
		67DD4A9A05242BDA24EA6B68 /* Frameworks */ = {
			isa = PBXGroup;
			children = (
				ABFFCCAC7E69FFD5B5751DA6 /* Pods_Movie_Groovy.framework */,
			);
			name = Frameworks;
			sourceTree = "<group>";
		};
		84365A1922FC29AF0098D666 = {
			isa = PBXGroup;
			children = (
				84365A2422FC29AF0098D666 /* Movie Groovy */,
				84365A2322FC29AF0098D666 /* Products */,
				2496DABF2E05A90C01C1237C /* Pods */,
				67DD4A9A05242BDA24EA6B68 /* Frameworks */,
			);
			sourceTree = "<group>";
		};
		84365A2322FC29AF0098D666 /* Products */ = {
			isa = PBXGroup;
			children = (
				84365A2222FC29AF0098D666 /* Movie Groovy.app */,
			);
			name = Products;
			sourceTree = "<group>";
		};
		84365A2422FC29AF0098D666 /* Movie Groovy */ = {
			isa = PBXGroup;
			children = (
				84590844230A9B0900E9224A /* Models */,
				84083FD8230A703100C8F059 /* AuthorizationModel.swift */,
				84590840230A932A00E9224A /* MovieDetailViewController.swift */,
				84365A2722FC29AF0098D666 /* RootController.swift */,
				84365A3822FC309C0098D666 /* ExploreViewController.swift */,
				84F63D4723028F5000BC3FC9 /* SettingsViewController.swift */,
				84F63D492302A7B000BC3FC9 /* StartViewController.swift */,
				84F63D4D2302AA8300BC3FC9 /* SignUpViewController.swift */,
				84F63D4B2302A92C00BC3FC9 /* LoginViewController.swift */,
				84365A2922FC29AF0098D666 /* Main.storyboard */,
				84FA586A23044AB400A2258C /* ChangePasswordViewController.swift */,
				84FA585623040C3800A2258C /* TransitionAnimator.swift */,
				84F63D572302FC4000BC3FC9 /* TabBarViewController.swift */,
				848A2CA522FD75F700CBA048 /* ToolCollectionViewCell.swift */,
				848A2CA722FD761F00CBA048 /* SearchCollectionReusableView.swift */,
				84590842230A9AD500E9224A /* Backend */,
				84365A3722FC2DDD0098D666 /* Supporting Files */,
				84365A3122FC29B00098D666 /* Info.plist */,
				84F63D552302B2D700BC3FC9 /* GoogleService-Info.plist */,
			);
			name = "Movie Groovy";
			path = "/Users/admin/Documents/Workspace/movie-groovy/Movie Groovy/Movie Groovy";
			sourceTree = "<absolute>";
		};
		84365A3722FC2DDD0098D666 /* Supporting Files */ = {
			isa = PBXGroup;
			children = (
				84365A2522FC29AF0098D666 /* AppDelegate.swift */,
				84365A2C22FC29B00098D666 /* Assets.xcassets */,
				84365A2E22FC29B00098D666 /* LaunchScreen.storyboard */,
			);
			path = "Supporting Files";
			sourceTree = "<group>";
		};
		84590842230A9AD500E9224A /* Backend */ = {
			isa = PBXGroup;
			children = (
				842C4B0523067BD7008BF0EA /* RequestHandler.swift */,
			);
			path = Backend;
			sourceTree = "<group>";
		};
		84590844230A9B0900E9224A /* Models */ = {
			isa = PBXGroup;
			children = (
				8495C0AC230154F00030BC7A /* SearchResult.swift */,
			);
			path = Models;
			sourceTree = "<group>";
		};
/* End PBXGroup section */

/* Begin PBXNativeTarget section */
		84365A2122FC29AF0098D666 /* Movie Groovy */ = {
			isa = PBXNativeTarget;
			buildConfigurationList = 84365A3422FC29B00098D666 /* Build configuration list for PBXNativeTarget "Movie Groovy" */;
			buildPhases = (
				C1F4BB68D62E1C1FB8EE62A2 /* [CP] Check Pods Manifest.lock */,
				84365A1E22FC29AF0098D666 /* Sources */,
				84365A1F22FC29AF0098D666 /* Frameworks */,
				84365A2022FC29AF0098D666 /* Resources */,
				398F11A80FB2F04EC6CBB1E4 /* [CP] Embed Pods Frameworks */,
			);
			buildRules = (
			);
			dependencies = (
			);
			name = "Movie Groovy";
			productName = "Movie Groovy";
			productReference = 84365A2222FC29AF0098D666 /* Movie Groovy.app */;
			productType = "com.apple.product-type.application";
		};
/* End PBXNativeTarget section */

/* Begin PBXProject section */
		84365A1A22FC29AF0098D666 /* Project object */ = {
			isa = PBXProject;
			attributes = {
				LastSwiftUpdateCheck = 1030;
				LastUpgradeCheck = 1030;
				ORGANIZATIONNAME = admin;
				TargetAttributes = {
					84365A2122FC29AF0098D666 = {
						CreatedOnToolsVersion = 10.3;
					};
				};
			};
			buildConfigurationList = 84365A1D22FC29AF0098D666 /* Build configuration list for PBXProject "Movie Groovy" */;
			compatibilityVersion = "Xcode 9.3";
			developmentRegion = en;
			hasScannedForEncodings = 0;
			knownRegions = (
				en,
				Base,
				ru,
			);
			mainGroup = 84365A1922FC29AF0098D666;
			productRefGroup = 84365A2322FC29AF0098D666 /* Products */;
			projectDirPath = "";
			projectRoot = "";
			targets = (
				84365A2122FC29AF0098D666 /* Movie Groovy */,
			);
		};
/* End PBXProject section */

/* Begin PBXResourcesBuildPhase section */
		84365A2022FC29AF0098D666 /* Resources */ = {
			isa = PBXResourcesBuildPhase;
			buildActionMask = 2147483647;
			files = (
				84365A3022FC29B00098D666 /* LaunchScreen.storyboard in Resources */,
				84F63D562302B2D700BC3FC9 /* GoogleService-Info.plist in Resources */,
				84365A2D22FC29B00098D666 /* Assets.xcassets in Resources */,
				84365A2B22FC29AF0098D666 /* Main.storyboard in Resources */,
			);
			runOnlyForDeploymentPostprocessing = 0;
		};
/* End PBXResourcesBuildPhase section */

/* Begin PBXShellScriptBuildPhase section */
		398F11A80FB2F04EC6CBB1E4 /* [CP] Embed Pods Frameworks */ = {
			isa = PBXShellScriptBuildPhase;
			buildActionMask = 2147483647;
			files = (
			);
			inputFileListPaths = (
				"${PODS_ROOT}/Target Support Files/Pods-Movie Groovy/Pods-Movie Groovy-frameworks-${CONFIGURATION}-input-files.xcfilelist",
			);
			name = "[CP] Embed Pods Frameworks";
			outputFileListPaths = (
				"${PODS_ROOT}/Target Support Files/Pods-Movie Groovy/Pods-Movie Groovy-frameworks-${CONFIGURATION}-output-files.xcfilelist",
			);
			runOnlyForDeploymentPostprocessing = 0;
			shellPath = /bin/sh;
			shellScript = "\"${PODS_ROOT}/Target Support Files/Pods-Movie Groovy/Pods-Movie Groovy-frameworks.sh\"\n";
			showEnvVarsInLog = 0;
		};
		C1F4BB68D62E1C1FB8EE62A2 /* [CP] Check Pods Manifest.lock */ = {
			isa = PBXShellScriptBuildPhase;
			buildActionMask = 2147483647;
			files = (
			);
			inputFileListPaths = (
			);
			inputPaths = (
				"${PODS_PODFILE_DIR_PATH}/Podfile.lock",
				"${PODS_ROOT}/Manifest.lock",
			);
			name = "[CP] Check Pods Manifest.lock";
			outputFileListPaths = (
			);
			outputPaths = (
				"$(DERIVED_FILE_DIR)/Pods-Movie Groovy-checkManifestLockResult.txt",
			);
			runOnlyForDeploymentPostprocessing = 0;
			shellPath = /bin/sh;
			shellScript = "diff \"${PODS_PODFILE_DIR_PATH}/Podfile.lock\" \"${PODS_ROOT}/Manifest.lock\" > /dev/null\nif [ $? != 0 ] ; then\n    # print error to STDERR\n    echo \"error: The sandbox is not in sync with the Podfile.lock. Run 'pod install' or update your CocoaPods installation.\" >&2\n    exit 1\nfi\n# This output is used by Xcode 'outputs' to avoid re-running this script phase.\necho \"SUCCESS\" > \"${SCRIPT_OUTPUT_FILE_0}\"\n";
			showEnvVarsInLog = 0;
		};
/* End PBXShellScriptBuildPhase section */

/* Begin PBXSourcesBuildPhase section */
		84365A1E22FC29AF0098D666 /* Sources */ = {
			isa = PBXSourcesBuildPhase;
			buildActionMask = 2147483647;
			files = (
				84F63D4C2302A92C00BC3FC9 /* LoginViewController.swift in Sources */,
				8495C0AD230154F00030BC7A /* SearchResult.swift in Sources */,
				84F63D4A2302A7B000BC3FC9 /* StartViewController.swift in Sources */,
				84365A3922FC309C0098D666 /* ExploreViewController.swift in Sources */,
				84F63D582302FC4000BC3FC9 /* TabBarViewController.swift in Sources */,
				84F63D4E2302AA8300BC3FC9 /* SignUpViewController.swift in Sources */,
				84F63D4823028F5000BC3FC9 /* SettingsViewController.swift in Sources */,
				848A2CA622FD75F700CBA048 /* ToolCollectionViewCell.swift in Sources */,
				848A2CA822FD761F00CBA048 /* SearchCollectionReusableView.swift in Sources */,
				84365A2822FC29AF0098D666 /* RootController.swift in Sources */,
				842C4B0623067BD7008BF0EA /* RequestHandler.swift in Sources */,
				84365A2622FC29AF0098D666 /* AppDelegate.swift in Sources */,
				84590841230A932A00E9224A /* MovieDetailViewController.swift in Sources */,
				84FA585723040C3900A2258C /* TransitionAnimator.swift in Sources */,
				84FA586B23044AB400A2258C /* ChangePasswordViewController.swift in Sources */,
				84083FD9230A703100C8F059 /* AuthorizationModel.swift in Sources */,
			);
			runOnlyForDeploymentPostprocessing = 0;
		};
/* End PBXSourcesBuildPhase section */

/* Begin PBXVariantGroup section */
		84365A2922FC29AF0098D666 /* Main.storyboard */ = {
			isa = PBXVariantGroup;
			children = (
				84365A2A22FC29AF0098D666 /* Base */,
				84FA585823040E8800A2258C /* ru */,
			);
			name = Main.storyboard;
			sourceTree = "<group>";
		};
		84365A2E22FC29B00098D666 /* LaunchScreen.storyboard */ = {
			isa = PBXVariantGroup;
			children = (
				84365A2F22FC29B00098D666 /* Base */,
				84FA585923040E8800A2258C /* ru */,
			);
			name = LaunchScreen.storyboard;
			sourceTree = "<group>";
		};
/* End PBXVariantGroup section */

/* Begin XCBuildConfiguration section */
		84365A3222FC29B00098D666 /* Debug */ = {
			isa = XCBuildConfiguration;
			buildSettings = {
				ALWAYS_SEARCH_USER_PATHS = NO;
				CLANG_ANALYZER_LOCALIZABILITY_NONLOCALIZED = YES;
				CLANG_ANALYZER_NONNULL = YES;
				CLANG_ANALYZER_NUMBER_OBJECT_CONVERSION = YES_AGGRESSIVE;
				CLANG_CXX_LANGUAGE_STANDARD = "gnu++14";
				CLANG_CXX_LIBRARY = "libc++";
				CLANG_ENABLE_MODULES = YES;
				CLANG_ENABLE_OBJC_ARC = YES;
				CLANG_ENABLE_OBJC_WEAK = YES;
				CLANG_WARN_BLOCK_CAPTURE_AUTORELEASING = YES;
				CLANG_WARN_BOOL_CONVERSION = YES;
				CLANG_WARN_COMMA = YES;
				CLANG_WARN_CONSTANT_CONVERSION = YES;
				CLANG_WARN_DEPRECATED_OBJC_IMPLEMENTATIONS = YES;
				CLANG_WARN_DIRECT_OBJC_ISA_USAGE = YES_ERROR;
				CLANG_WARN_DOCUMENTATION_COMMENTS = YES;
				CLANG_WARN_EMPTY_BODY = YES;
				CLANG_WARN_ENUM_CONVERSION = YES;
				CLANG_WARN_INFINITE_RECURSION = YES;
				CLANG_WARN_INT_CONVERSION = YES;
				CLANG_WARN_NON_LITERAL_NULL_CONVERSION = YES;
				CLANG_WARN_OBJC_IMPLICIT_RETAIN_SELF = YES;
				CLANG_WARN_OBJC_LITERAL_CONVERSION = YES;
				CLANG_WARN_OBJC_ROOT_CLASS = YES_ERROR;
				CLANG_WARN_RANGE_LOOP_ANALYSIS = YES;
				CLANG_WARN_STRICT_PROTOTYPES = YES;
				CLANG_WARN_SUSPICIOUS_MOVE = YES;
				CLANG_WARN_UNGUARDED_AVAILABILITY = YES_AGGRESSIVE;
				CLANG_WARN_UNREACHABLE_CODE = YES;
				CLANG_WARN__DUPLICATE_METHOD_MATCH = YES;
				CODE_SIGN_IDENTITY = "iPhone Developer";
				COPY_PHASE_STRIP = NO;
				DEBUG_INFORMATION_FORMAT = dwarf;
				ENABLE_STRICT_OBJC_MSGSEND = YES;
				ENABLE_TESTABILITY = YES;
				GCC_C_LANGUAGE_STANDARD = gnu11;
				GCC_DYNAMIC_NO_PIC = NO;
				GCC_NO_COMMON_BLOCKS = YES;
				GCC_OPTIMIZATION_LEVEL = 0;
				GCC_PREPROCESSOR_DEFINITIONS = (
					"DEBUG=1",
					"$(inherited)",
				);
				GCC_WARN_64_TO_32_BIT_CONVERSION = YES;
				GCC_WARN_ABOUT_RETURN_TYPE = YES_ERROR;
				GCC_WARN_UNDECLARED_SELECTOR = YES;
				GCC_WARN_UNINITIALIZED_AUTOS = YES_AGGRESSIVE;
				GCC_WARN_UNUSED_FUNCTION = YES;
				GCC_WARN_UNUSED_VARIABLE = YES;
				IPHONEOS_DEPLOYMENT_TARGET = 12.4;
				MTL_ENABLE_DEBUG_INFO = INCLUDE_SOURCE;
				MTL_FAST_MATH = YES;
				ONLY_ACTIVE_ARCH = YES;
				SDKROOT = iphoneos;
				SWIFT_ACTIVE_COMPILATION_CONDITIONS = DEBUG;
				SWIFT_OPTIMIZATION_LEVEL = "-Onone";
			};
			name = Debug;
		};
		84365A3322FC29B00098D666 /* Release */ = {
			isa = XCBuildConfiguration;
			buildSettings = {
				ALWAYS_SEARCH_USER_PATHS = NO;
				CLANG_ANALYZER_LOCALIZABILITY_NONLOCALIZED = YES;
				CLANG_ANALYZER_NONNULL = YES;
				CLANG_ANALYZER_NUMBER_OBJECT_CONVERSION = YES_AGGRESSIVE;
				CLANG_CXX_LANGUAGE_STANDARD = "gnu++14";
				CLANG_CXX_LIBRARY = "libc++";
				CLANG_ENABLE_MODULES = YES;
				CLANG_ENABLE_OBJC_ARC = YES;
				CLANG_ENABLE_OBJC_WEAK = YES;
				CLANG_WARN_BLOCK_CAPTURE_AUTORELEASING = YES;
				CLANG_WARN_BOOL_CONVERSION = YES;
				CLANG_WARN_COMMA = YES;
				CLANG_WARN_CONSTANT_CONVERSION = YES;
				CLANG_WARN_DEPRECATED_OBJC_IMPLEMENTATIONS = YES;
				CLANG_WARN_DIRECT_OBJC_ISA_USAGE = YES_ERROR;
				CLANG_WARN_DOCUMENTATION_COMMENTS = YES;
				CLANG_WARN_EMPTY_BODY = YES;
				CLANG_WARN_ENUM_CONVERSION = YES;
				CLANG_WARN_INFINITE_RECURSION = YES;
				CLANG_WARN_INT_CONVERSION = YES;
				CLANG_WARN_NON_LITERAL_NULL_CONVERSION = YES;
				CLANG_WARN_OBJC_IMPLICIT_RETAIN_SELF = YES;
				CLANG_WARN_OBJC_LITERAL_CONVERSION = YES;
				CLANG_WARN_OBJC_ROOT_CLASS = YES_ERROR;
				CLANG_WARN_RANGE_LOOP_ANALYSIS = YES;
				CLANG_WARN_STRICT_PROTOTYPES = YES;
				CLANG_WARN_SUSPICIOUS_MOVE = YES;
				CLANG_WARN_UNGUARDED_AVAILABILITY = YES_AGGRESSIVE;
				CLANG_WARN_UNREACHABLE_CODE = YES;
				CLANG_WARN__DUPLICATE_METHOD_MATCH = YES;
				CODE_SIGN_IDENTITY = "iPhone Developer";
				COPY_PHASE_STRIP = NO;
				DEBUG_INFORMATION_FORMAT = "dwarf-with-dsym";
				ENABLE_NS_ASSERTIONS = NO;
				ENABLE_STRICT_OBJC_MSGSEND = YES;
				GCC_C_LANGUAGE_STANDARD = gnu11;
				GCC_NO_COMMON_BLOCKS = YES;
				GCC_WARN_64_TO_32_BIT_CONVERSION = YES;
				GCC_WARN_ABOUT_RETURN_TYPE = YES_ERROR;
				GCC_WARN_UNDECLARED_SELECTOR = YES;
				GCC_WARN_UNINITIALIZED_AUTOS = YES_AGGRESSIVE;
				GCC_WARN_UNUSED_FUNCTION = YES;
				GCC_WARN_UNUSED_VARIABLE = YES;
				IPHONEOS_DEPLOYMENT_TARGET = 12.4;
				MTL_ENABLE_DEBUG_INFO = NO;
				MTL_FAST_MATH = YES;
				SDKROOT = iphoneos;
				SWIFT_COMPILATION_MODE = wholemodule;
				SWIFT_OPTIMIZATION_LEVEL = "-O";
				VALIDATE_PRODUCT = YES;
			};
			name = Release;
		};
		84365A3522FC29B00098D666 /* Debug */ = {
			isa = XCBuildConfiguration;
			baseConfigurationReference = 1DB1C294E58A40BFEF203EC7 /* Pods-Movie Groovy.debug.xcconfig */;
			buildSettings = {
				ASSETCATALOG_COMPILER_APPICON_NAME = AppIcon;
				CODE_SIGN_STYLE = Automatic;
				DEVELOPMENT_TEAM = "";
				INFOPLIST_FILE = "Movie Groovy/Info.plist";
				LD_RUNPATH_SEARCH_PATHS = (
					"$(inherited)",
					"@executable_path/Frameworks",
				);
				PRODUCT_BUNDLE_IDENTIFIER = "admin.Movie-Groovy";
				PRODUCT_NAME = "$(TARGET_NAME)";
				SWIFT_VERSION = 5.0;
				TARGETED_DEVICE_FAMILY = "1,2";
			};
			name = Debug;
		};
		84365A3622FC29B00098D666 /* Release */ = {
			isa = XCBuildConfiguration;
			baseConfigurationReference = 06905FCAA17BF976B1668CE6 /* Pods-Movie Groovy.release.xcconfig */;
			buildSettings = {
				ASSETCATALOG_COMPILER_APPICON_NAME = AppIcon;
				CODE_SIGN_STYLE = Automatic;
				DEVELOPMENT_TEAM = "";
				INFOPLIST_FILE = "Movie Groovy/Info.plist";
				LD_RUNPATH_SEARCH_PATHS = (
					"$(inherited)",
					"@executable_path/Frameworks",
				);
				PRODUCT_BUNDLE_IDENTIFIER = "admin.Movie-Groovy";
				PRODUCT_NAME = "$(TARGET_NAME)";
				SWIFT_VERSION = 5.0;
				TARGETED_DEVICE_FAMILY = "1,2";
			};
			name = Release;
		};
/* End XCBuildConfiguration section */

/* Begin XCConfigurationList section */
		84365A1D22FC29AF0098D666 /* Build configuration list for PBXProject "Movie Groovy" */ = {
			isa = XCConfigurationList;
			buildConfigurations = (
				84365A3222FC29B00098D666 /* Debug */,
				84365A3322FC29B00098D666 /* Release */,
			);
			defaultConfigurationIsVisible = 0;
			defaultConfigurationName = Release;
		};
		84365A3422FC29B00098D666 /* Build configuration list for PBXNativeTarget "Movie Groovy" */ = {
			isa = XCConfigurationList;
			buildConfigurations = (
				84365A3522FC29B00098D666 /* Debug */,
				84365A3622FC29B00098D666 /* Release */,
			);
			defaultConfigurationIsVisible = 0;
			defaultConfigurationName = Release;
		};
/* End XCConfigurationList section */
	};
	rootObject = 84365A1A22FC29AF0098D666 /* Project object */;
}
